
Microsoft Visual Studio Solution File, Format Version 12.00
# Visual Studio 15
VisualStudioVersion = 15.0.26730.8
MinimumVisualStudioVersion = 10.0.40219.1
Project("{FAE04EC0-301F-11D3-BF4B-00C04F79EFBC}") = "HemWinPoc2", "HemWinPoc2\HemWinPoc2.csproj", "{56E48144-6468-4CAB-82A3-64F92EE7F354}"
EndProject
Project("{E53339B2-1760-4266-BCC7-CA923CBCF16C}") = "docker-compose", "docker-compose.dcproj", "{D90D2083-2F71-4F63-83C7-40D2F5CB789B}"
EndProject
Global
	GlobalSection(SolutionConfigurationPlatforms) = preSolution
		Debug|Any CPU = Debug|Any CPU
		Release|Any CPU = Release|Any CPU
	EndGlobalSection
	GlobalSection(ProjectConfigurationPlatforms) = postSolution
		{56E48144-6468-4CAB-82A3-64F92EE7F354}.Debug|Any CPU.ActiveCfg = Debug|Any CPU
		{56E48144-6468-4CAB-82A3-64F92EE7F354}.Debug|Any CPU.Build.0 = Debug|Any CPU
		{56E48144-6468-4CAB-82A3-64F92EE7F354}.Release|Any CPU.ActiveCfg = Release|Any CPU
		{56E48144-6468-4CAB-82A3-64F92EE7F354}.Release|Any CPU.Build.0 = Release|Any CPU
		{D90D2083-2F71-4F63-83C7-40D2F5CB789B}.Debug|Any CPU.ActiveCfg = Debug|Any CPU
		{D90D2083-2F71-4F63-83C7-40D2F5CB789B}.Debug|Any CPU.Build.0 = Debug|Any CPU
		{D90D2083-2F71-4F63-83C7-40D2F5CB789B}.Release|Any CPU.ActiveCfg = Release|Any CPU
		{D90D2083-2F71-4F63-83C7-40D2F5CB789B}.Release|Any CPU.Build.0 = Release|Any CPU
	EndGlobalSection
	GlobalSection(SolutionProperties) = preSolution
		HideSolutionNode = FALSE
	EndGlobalSection
	GlobalSection(ExtensibilityGlobals) = postSolution
		SolutionGuid = {64EF262A-9AA6-4E49-A4F6-E555EA054693}
	EndGlobalSection
EndGlobal
